# THIS IS AN AUTOGENERATED FILE. DO NOT EDIT THIS FILE DIRECTLY.
# yarn lockfile v1


base64-js@0.0.2:
  version "0.0.2"
  resolved "https://registry.yarnpkg.com/base64-js/-/base64-js-0.0.2.tgz#024f0f72afa25b75f9c0ee73cd4f55ec1bed9784"
  integrity sha1-Ak8Pcq+iW3X5wO5zzU9V7Bvtl4Q=

bops@0.0.6:
  version "0.0.6"
  resolved "https://registry.yarnpkg.com/bops/-/bops-0.0.6.tgz#082d1d55fa01e60dbdc2ebc2dba37f659554cf3a"
  integrity sha1-CC0dVfoB5g29wuvC26N/ZZVUzzo=
  dependencies:
    base64-js "0.0.2"
    to-utf8 "0.0.1"

concat-stream@~1.0.0:
  version "1.0.1"
  resolved "https://registry.yarnpkg.com/concat-stream/-/concat-stream-1.0.1.tgz#018b18bc1c7d073a2dc82aa48442341a2c4dd79f"
  integrity sha1-AYsYvBx9BzotyCqkhEI0GixN158=
  dependencies:
    bops "0.0.6"

debug@^2.1.2:
  version "2.6.9"
  resolved "https://registry.yarnpkg.com/debug/-/debug-2.6.9.tgz#5d128515df134ff327e90a4c93f4e077a536341f"
  integrity sha512-bC7ElrdJaJnPbAP+1EotYvqZsb3ecl5wi6Bfi6BJTUcNowp6cvspg0jXznRTKDjm/E7AdgFBVeAPVMNcKGsHMA==
  dependencies:
    ms "2.0.0"

duplexer@~0.0.3:
  version "0.0.4"
  resolved "https://registry.yarnpkg.com/duplexer/-/duplexer-0.0.4.tgz#afcb7f1f8b8d74f820726171d5d64ac9e4a8ff20"
  integrity sha1-r8t/H4uNdPggcmFx1dZKyeSo/yA=

ffmetadata@^1.5.0:
  version "1.5.0"
  resolved "https://registry.yarnpkg.com/ffmetadata/-/ffmetadata-1.5.0.tgz#44f2291f6fb51e20625ea5073a4c12184f890772"
  integrity sha512-besjNc09E0UZ5MXRM1vIn5tX0Jrjt3fGMAHBPV3cjrQ6F7duN1hTJBQ0pXS3/KmpQb9b+wFx1MUK4xzq2knxiw==
  dependencies:
    concat-stream "~1.0.0"
    split "~0.2.6"
    stream-combiner "0.0.2"
    stream-filter "1"
    through "~2.3.4"

iconv-lite@^0.4.4:
  version "0.4.24"
  resolved "https://registry.yarnpkg.com/iconv-lite/-/iconv-lite-0.4.24.tgz#2022b4b25fbddc21d2f524974a474aafe733908b"
  integrity sha512-v3MXnZAcvnywkTUEZomIActle7RXXeedOR31wwl7VlyoXO4Qi9arvSenNQWne1TcRwhCL1HwLI21bEqdpj8/rA==
  dependencies:
    safer-buffer ">= 2.1.2 < 3"

minimist@0.0.8:
  version "0.0.8"
  resolved "https://registry.yarnpkg.com/minimist/-/minimist-0.0.8.tgz#857fcabfc3397d2625b8228262e86aa7a011b05d"
  integrity sha1-hX/Kv8M5fSYluCKCYuhqp6ARsF0=

mkdirp@^0.5.1:
  version "0.5.1"
  resolved "https://registry.yarnpkg.com/mkdirp/-/mkdirp-0.5.1.tgz#30057438eac6cf7f8c4767f38648d6697d75c903"
  integrity sha1-MAV0OOrGz3+MR2fzhkjWaX11yQM=
  dependencies:
    minimist "0.0.8"

ms@2.0.0:
  version "2.0.0"
  resolved "https://registry.yarnpkg.com/ms/-/ms-2.0.0.tgz#5608aeadfc00be6c2901df5f9861788de0d597c8"
  integrity sha1-VgiurfwAvmwpAd9fmGF4jeDVl8g=

needle@^2.2.2:
  version "2.2.4"
  resolved "https://registry.yarnpkg.com/needle/-/needle-2.2.4.tgz#51931bff82533b1928b7d1d69e01f1b00ffd2a4e"
  integrity sha512-HyoqEb4wr/rsoaIDfTH2aVL9nWtQqba2/HvMv+++m8u0dz808MaagKILxtfeSN7QU7nvbQ79zk3vYOJp9zsNEA==
  dependencies:
    debug "^2.1.2"
    iconv-lite "^0.4.4"
    sax "^1.2.4"

"safer-buffer@>= 2.1.2 < 3":
  version "2.1.2"
  resolved "https://registry.yarnpkg.com/safer-buffer/-/safer-buffer-2.1.2.tgz#44fa161b0187b9549dd84bb91802f9bd8385cd6a"
  integrity sha512-YZo3K82SD7Riyi0E1EQPojLz7kpepnSQI9IyPbHHg1XXXevb5dJI7tpyN2ADxGcQbHG7vcyRHk0cbwqcQriUtg==

sax@^1.2.4:
  version "1.2.4"
  resolved "https://registry.yarnpkg.com/sax/-/sax-1.2.4.tgz#2816234e2378bddc4e5354fab5caa895df7100d9"
  integrity sha512-NqVDv9TpANUjFm0N8uM5GxL36UgKi9/atZw+x7YFnQ8ckwFGKrl4xX4yWtrey3UJm5nP1kUbnYgLopqWNSRhWw==

split@~0.2.6:
  version "0.2.10"
  resolved "https://registry.yarnpkg.com/split/-/split-0.2.10.tgz#67097c601d697ce1368f418f06cd201cf0521a57"
  integrity sha1-Zwl8YB1pfOE2j0GPBs0gHPBSGlc=
  dependencies:
    through "2"

stream-combiner@0.0.2:
  version "0.0.2"
  resolved "https://registry.yarnpkg.com/stream-combiner/-/stream-combiner-0.0.2.tgz#dfe0e74675742565e76c6056788ea5c23bd97db4"
  integrity sha1-3+DnRnV0JWXnbGBWeI6lwjvZfbQ=
  dependencies:
    duplexer "~0.0.3"

stream-filter@1:
  version "1.0.0"
  resolved "https://registry.yarnpkg.com/stream-filter/-/stream-filter-1.0.0.tgz#3f0a4c6d5981011e9862a32afdb0df16a4b67ede"
  integrity sha1-PwpMbVmBAR6YYqMq/bDfFqS2ft4=
  dependencies:
    through "~2"

through@2, through@~2, through@~2.3.4:
  version "2.3.8"
  resolved "https://registry.yarnpkg.com/through/-/through-2.3.8.tgz#0dd4c9ffaabc357960b1b724115d7e0e86a2e1f5"
  integrity sha1-DdTJ/6q8NXlgsbckEV1+Doai4fU=

to-utf8@0.0.1:
  version "0.0.1"
  resolved "https://registry.yarnpkg.com/to-utf8/-/to-utf8-0.0.1.tgz#d17aea72ff2fba39b9e43601be7b3ff72e089852"
  integrity sha1-0Xrqcv8vujm55DYBvns/9y4ImFI=
